<?xml version="1.0" encoding="utf-8"?>
<Project ToolsVersion="4.0" xmlns="http://schemas.microsoft.com/developer/msbuild/2003">
  <ItemGroup>
    <Filter Include="Source Files">
      <UniqueIdentifier>{4FC737F1-C7A5-4376-A066-2A32D752A2FF}</UniqueIdentifier>
      <Extensions>cpp;c;cc;cxx;def;odl;idl;hpj;bat;asm;asmx</Extensions>
    </Filter>
    <Filter Include="Header Files">
      <UniqueIdentifier>{93995380-89BD-4b04-88EB-625FBE52EBFB}</UniqueIdentifier>
      <Extensions>h;hh;hpp;hxx;hm;inl;inc;ipp;xsd</Extensions>
    </Filter>
    <Filter Include="Resource Files">
      <UniqueIdentifier>{67DA6AB6-F800-4c08-8B7A-83BB121AAD01}</UniqueIdentifier>
      <Extensions>rc;ico;cur;bmp;dlg;rc2;rct;bin;rgs;gif;jpg;jpeg;jpe;resx;tiff;tif;png;wav;mfcribbon-ms</Extensions>
    </Filter>
    <Filter Include="Import">
      <UniqueIdentifier>{f199f803-792d-48cd-a606-10853a4cf223}</UniqueIdentifier>
    </Filter>
    <Filter Include="Source Files\Lexer">
      <UniqueIdentifier>{8b961f18-af44-4e95-9f45-91a4e2435760}</UniqueIdentifier>
    </Filter>
    <Filter Include="Source Files\Ast">
      <UniqueIdentifier>{3b806664-6543-4d2d-9e5f-388c2be9e682}</UniqueIdentifier>
    </Filter>
    <Filter Include="Source Files\Parser">
      <UniqueIdentifier>{6398acdd-44c1-4303-bb34-ffac39750259}</UniqueIdentifier>
    </Filter>
    <Filter Include="Source Files\TypeSystem">
      <UniqueIdentifier>{c8dc61be-4403-4b74-8873-dbf049ff1002}</UniqueIdentifier>
    </Filter>
    <Filter Include="Source Files\Ast\Type">
      <UniqueIdentifier>{76bf9cf5-59ce-4ce4-9da3-67938a98a1be}</UniqueIdentifier>
    </Filter>
    <Filter Include="Source Files\Ast\Resolving">
      <UniqueIdentifier>{02864258-8464-4ada-896b-8c2852870da2}</UniqueIdentifier>
    </Filter>
    <Filter Include="Source Files\Ast\EvaluateTypeExpr">
      <UniqueIdentifier>{a42f734e-8eec-4c50-a26f-1fab1e70dbc9}</UniqueIdentifier>
    </Filter>
    <Filter Include="Source Files\Symbol">
      <UniqueIdentifier>{0d677b93-c4f4-4e3c-ae8a-6d2abf6bda8e}</UniqueIdentifier>
    </Filter>
    <Filter Include="Source Files\EvaluateSymbol">
      <UniqueIdentifier>{2ea27cc1-ff29-4856-b9b2-d79758192e1d}</UniqueIdentifier>
    </Filter>
    <Filter Include="Source Files\InferFunctionType">
      <UniqueIdentifier>{71852068-2cec-4826-9305-d548fcff1c37}</UniqueIdentifier>
    </Filter>
    <Filter Include="Source Files\AssignParameters">
      <UniqueIdentifier>{091928bc-c27c-4b1a-87e7-56510348c68a}</UniqueIdentifier>
    </Filter>
    <Filter Include="Source Files\PartialSpecializationOrdering">
      <UniqueIdentifier>{9c972d79-8638-4308-96a5-cf14b609f939}</UniqueIdentifier>
    </Filter>
    <Filter Include="Source Files\Parser\Declaration">
      <UniqueIdentifier>{de726dac-2ab0-443c-a7e1-b30a0210b5b1}</UniqueIdentifier>
    </Filter>
    <Filter Include="Source Files\Parser\Declarator">
      <UniqueIdentifier>{ad75deed-53ed-45d1-b046-f834f03b3e1a}</UniqueIdentifier>
    </Filter>
  </ItemGroup>
  <ItemGroup>
    <ClInclude Include="..\..\..\Import\Vlpp.h">
      <Filter>Import</Filter>
    </ClInclude>
    <ClInclude Include="Source\Utility.h">
      <Filter>Source Files</Filter>
    </ClInclude>
    <ClInclude Include="Source\Lexer.h">
      <Filter>Source Files\Lexer</Filter>
    </ClInclude>
    <ClInclude Include="Source\Ast.h">
      <Filter>Source Files\Ast</Filter>
    </ClInclude>
    <ClInclude Include="Source\Ast_Decl.h">
      <Filter>Source Files\Ast</Filter>
    </ClInclude>
    <ClInclude Include="Source\Ast_Type.h">
      <Filter>Source Files\Ast</Filter>
    </ClInclude>
    <ClInclude Include="Source\Ast_Expr.h">
      <Filter>Source Files\Ast</Filter>
    </ClInclude>
    <ClInclude Include="Source\Ast_Stat.h">
      <Filter>Source Files\Ast</Filter>
    </ClInclude>
    <ClInclude Include="Source\Parser.h">
      <Filter>Source Files\Parser</Filter>
    </ClInclude>
    <ClInclude Include="Source\TypeSystem.h">
      <Filter>Source Files\TypeSystem</Filter>
    </ClInclude>
    <ClInclude Include="Source\LexerTokenDef.h">
      <Filter>Source Files\Lexer</Filter>
    </ClInclude>
    <ClInclude Include="Source\Ast_Resolving.h">
      <Filter>Source Files\Ast\Resolving</Filter>
    </ClInclude>
    <ClInclude Include="Source\Ast_Evaluate_ExpandPotentialVta.h">
      <Filter>Source Files\Ast\EvaluateTypeExpr</Filter>
    </ClInclude>
    <ClInclude Include="..\..\..\Import\VlppOS.h">
      <Filter>Import</Filter>
    </ClInclude>
    <ClInclude Include="..\..\..\Import\VlppRegex.h">
      <Filter>Import</Filter>
    </ClInclude>
    <ClInclude Include="Source\Symbol_TemplateSpec.h">
      <Filter>Source Files\Symbol</Filter>
    </ClInclude>
    <ClInclude Include="Source\Symbol.h">
      <Filter>Source Files\Symbol</Filter>
    </ClInclude>
    <ClInclude Include="Source\IFT.h">
      <Filter>Source Files\InferFunctionType</Filter>
    </ClInclude>
    <ClInclude Include="Source\AP.h">
      <Filter>Source Files\AssignParameters</Filter>
    </ClInclude>
    <ClInclude Include="Source\AP_CalculateGpa.h">
      <Filter>Source Files\AssignParameters</Filter>
    </ClInclude>
    <ClInclude Include="Source\PSO.h">
      <Filter>Source Files\PartialSpecializationOrdering</Filter>
    </ClInclude>
    <ClInclude Include="Source\EvaluateSymbol.h">
      <Filter>Source Files\EvaluateSymbol</Filter>
    </ClInclude>
    <ClInclude Include="Source\EvaluateSymbol_Shared.h">
      <Filter>Source Files\EvaluateSymbol</Filter>
    </ClInclude>
    <ClInclude Include="Source\Symbol_Resolve.h">
      <Filter>Source Files\Symbol</Filter>
    </ClInclude>
    <ClInclude Include="Source\Symbol_Visit.h">
      <Filter>Source Files\Symbol</Filter>
    </ClInclude>
    <ClInclude Include="Source\Parser_Declaration.h">
      <Filter>Source Files\Parser\Declaration</Filter>
    </ClInclude>
    <ClInclude Include="Source\Parser_Declarator.h">
      <Filter>Source Files\Parser\Declarator</Filter>
    </ClInclude>
  </ItemGroup>
  <ItemGroup>
    <ClCompile Include="..\..\..\Import\Vlpp.cpp">
      <Filter>Import</Filter>
    </ClCompile>
    <ClCompile Include="Source\Utility.cpp">
      <Filter>Source Files</Filter>
    </ClCompile>
    <ClCompile Include="Source\Lexer.cpp">
      <Filter>Source Files\Lexer</Filter>
    </ClCompile>
    <ClCompile Include="Source\Parser_Expr.cpp">
      <Filter>Source Files\Parser</Filter>
    </ClCompile>
    <ClCompile Include="Source\Parser_Stat.cpp">
      <Filter>Source Files\Parser</Filter>
    </ClCompile>
    <ClCompile Include="Source\Parser.cpp">
      <Filter>Source Files\Parser</Filter>
    </ClCompile>
    <ClCompile Include="Source\Ast.cpp">
      <Filter>Source Files\Ast</Filter>
    </ClCompile>
    <ClCompile Include="Source\Parser_Misc.cpp">
      <Filter>Source Files\Parser</Filter>
    </ClCompile>
    <ClCompile Include="Source\Parser_Type.cpp">
      <Filter>Source Files\Parser</Filter>
    </ClCompile>
    <ClCompile Include="Source\TypeSystem.cpp">
      <Filter>Source Files\TypeSystem</Filter>
    </ClCompile>
    <ClCompile Include="Source\Ast_Type_IsSameResolvedType.cpp">
      <Filter>Source Files\Ast\Type</Filter>
    </ClCompile>
    <ClCompile Include="Source\Ast_Type_IsPendingType.cpp">
      <Filter>Source Files\Ast\Type</Filter>
    </ClCompile>
    <ClCompile Include="Source\Ast_Evaluate.cpp">
      <Filter>Source Files\Ast\EvaluateTypeExpr</Filter>
    </ClCompile>
    <ClCompile Include="Source\Ast_Evaluate_ExprToTsys.cpp">
      <Filter>Source Files\Ast\EvaluateTypeExpr</Filter>
    </ClCompile>
    <ClCompile Include="Source\Ast_Evaluate_TypeToTsys.cpp">
      <Filter>Source Files\Ast\EvaluateTypeExpr</Filter>
    </ClCompile>
    <ClCompile Include="Source\Ast_Resolving_Overloading.cpp">
      <Filter>Source Files\Ast\Resolving</Filter>
    </ClCompile>
    <ClCompile Include="Source\Ast_Type_GenerateMembers.cpp">
      <Filter>Source Files\Ast\Type</Filter>
    </ClCompile>
    <ClCompile Include="Source\Ast_Evaluate_ToTsys_TypeImpl.cpp">
      <Filter>Source Files\Ast\EvaluateTypeExpr</Filter>
    </ClCompile>
    <ClCompile Include="Source\Ast_Evaluate_ToTsys_IdImpl.cpp">
      <Filter>Source Files\Ast\EvaluateTypeExpr</Filter>
    </ClCompile>
    <ClCompile Include="Source\Ast_Evaluate_ToTsys_ExprImpl.cpp">
      <Filter>Source Files\Ast\EvaluateTypeExpr</Filter>
    </ClCompile>
    <ClCompile Include="Source\Ast_Evaluate_ToTsys_VariadicImpl.cpp">
      <Filter>Source Files\Ast\EvaluateTypeExpr</Filter>
    </ClCompile>
    <ClCompile Include="Source\Ast_Evaluate_ToTsys_GenericImpl.cpp">
      <Filter>Source Files\Ast\EvaluateTypeExpr</Filter>
    </ClCompile>
    <ClCompile Include="Source\Ast_Resolving.cpp">
      <Filter>Source Files\Ast\Resolving</Filter>
    </ClCompile>
    <ClCompile Include="..\..\..\Import\VlppOS.cpp">
      <Filter>Import</Filter>
    </ClCompile>
    <ClCompile Include="..\..\..\Import\VlppRegex.cpp">
      <Filter>Import</Filter>
    </ClCompile>
    <ClCompile Include="Source\TypeSystem_Helpers.cpp">
      <Filter>Source Files\TypeSystem</Filter>
    </ClCompile>
    <ClCompile Include="Source\TypeSystem_TypeConvert.cpp">
      <Filter>Source Files\TypeSystem</Filter>
    </ClCompile>
    <ClCompile Include="Source\Parser_Template.cpp">
      <Filter>Source Files\Parser</Filter>
    </ClCompile>
    <ClCompile Include="Source\Ast_Resolving_Adl.cpp">
      <Filter>Source Files\Ast\Resolving</Filter>
    </ClCompile>
    <ClCompile Include="Source\Symbol_TemplateSpec.cpp">
      <Filter>Source Files\Symbol</Filter>
    </ClCompile>
    <ClCompile Include="Source\Symbol.cpp">
      <Filter>Source Files\Symbol</Filter>
    </ClCompile>
    <ClCompile Include="Source\IFT_CollectFreeTypes.cpp">
      <Filter>Source Files\InferFunctionType</Filter>
    </ClCompile>
    <ClCompile Include="Source\IFT_InferFunctionType.cpp">
      <Filter>Source Files\InferFunctionType</Filter>
    </ClCompile>
    <ClCompile Include="Source\IFT_InferPartialSpecialization.cpp">
      <Filter>Source Files\InferFunctionType</Filter>
    </ClCompile>
    <ClCompile Include="Source\IFT_InferTemplateArgument.cpp">
      <Filter>Source Files\InferFunctionType</Filter>
    </ClCompile>
    <ClCompile Include="Source\IFT_InferTemplateArgumentOfComplexType.cpp">
      <Filter>Source Files\InferFunctionType</Filter>
    </ClCompile>
    <ClCompile Include="Source\AP_Misc.cpp">
      <Filter>Source Files\AssignParameters</Filter>
    </ClCompile>
    <ClCompile Include="Source\AP_ResolveFunctionParameters.cpp">
      <Filter>Source Files\AssignParameters</Filter>
    </ClCompile>
    <ClCompile Include="Source\AP_ResolveGenericParameters.cpp">
      <Filter>Source Files\AssignParameters</Filter>
    </ClCompile>
    <ClCompile Include="Source\AP_ResolveGenericTypeParameters.cpp">
      <Filter>Source Files\AssignParameters</Filter>
    </ClCompile>
    <ClCompile Include="Source\PSO_AssignPSPrimary.cpp">
      <Filter>Source Files\PartialSpecializationOrdering</Filter>
    </ClCompile>
    <ClCompile Include="Source\PSO_IsPSAncestor.cpp">
      <Filter>Source Files\PartialSpecializationOrdering</Filter>
    </ClCompile>
    <ClCompile Include="Source\PSO_MatchPSAncestorArguments.cpp">
      <Filter>Source Files\PartialSpecializationOrdering</Filter>
    </ClCompile>
    <ClCompile Include="Source\PSO_MatchPSArgument.cpp">
      <Filter>Source Files\PartialSpecializationOrdering</Filter>
    </ClCompile>
    <ClCompile Include="Source\EvaluateSymbol.cpp">
      <Filter>Source Files\EvaluateSymbol</Filter>
    </ClCompile>
    <ClCompile Include="Source\EvaluateSymbol_Class.cpp">
      <Filter>Source Files\EvaluateSymbol</Filter>
    </ClCompile>
    <ClCompile Include="Source\EvaluateSymbol_Func.cpp">
      <Filter>Source Files\EvaluateSymbol</Filter>
    </ClCompile>
    <ClCompile Include="Source\EvaluateSymbol_TypeAlias.cpp">
      <Filter>Source Files\EvaluateSymbol</Filter>
    </ClCompile>
    <ClCompile Include="Source\EvaluateSymbol_ValueAlias.cpp">
      <Filter>Source Files\EvaluateSymbol</Filter>
    </ClCompile>
    <ClCompile Include="Source\EvaluateSymbol_Var.cpp">
      <Filter>Source Files\EvaluateSymbol</Filter>
    </ClCompile>
    <ClCompile Include="Source\Symbol_Resolve.cpp">
      <Filter>Source Files\Symbol</Filter>
    </ClCompile>
    <ClCompile Include="Source\Symbol_Visit.cpp">
      <Filter>Source Files\Symbol</Filter>
    </ClCompile>
    <ClCompile Include="Source\Symbol_IdGen.cpp">
      <Filter>Source Files\Symbol</Filter>
    </ClCompile>
    <ClCompile Include="Source\Parser_Declaration.cpp">
      <Filter>Source Files\Parser\Declaration</Filter>
    </ClCompile>
    <ClCompile Include="Source\Parser_Declaration_Class.cpp">
      <Filter>Source Files\Parser\Declaration</Filter>
    </ClCompile>
    <ClCompile Include="Source\Parser_Declaration_Enum.cpp">
      <Filter>Source Files\Parser\Declaration</Filter>
    </ClCompile>
    <ClCompile Include="Source\Parser_Declaration_FuncVar.cpp">
      <Filter>Source Files\Parser\Declaration</Filter>
    </ClCompile>
    <ClCompile Include="Source\Parser_Declaration_FuncVar_Func.cpp">
      <Filter>Source Files\Parser\Declaration</Filter>
    </ClCompile>
    <ClCompile Include="Source\Parser_Declaration_FuncVar_ValueAlias.cpp">
      <Filter>Source Files\Parser\Declaration</Filter>
    </ClCompile>
    <ClCompile Include="Source\Parser_Declaration_FuncVar_Var.cpp">
      <Filter>Source Files\Parser\Declaration</Filter>
    </ClCompile>
    <ClCompile Include="Source\Parser_Declaration_Namespace.cpp">
      <Filter>Source Files\Parser\Declaration</Filter>
    </ClCompile>
    <ClCompile Include="Source\Parser_Declaration_TypeDef.cpp">
      <Filter>Source Files\Parser\Declaration</Filter>
    </ClCompile>
    <ClCompile Include="Source\Parser_Declaration_Using.cpp">
      <Filter>Source Files\Parser\Declaration</Filter>
    </ClCompile>
    <ClCompile Include="Source\Parser_Declarator.cpp">
      <Filter>Source Files\Parser\Declarator</Filter>
    </ClCompile>
    <ClCompile Include="Source\Parser_Declarator_ClassMemberCache_Inside.cpp">
      <Filter>Source Files\Parser\Declarator</Filter>
    </ClCompile>
    <ClCompile Include="Source\Parser_Declarator_ClassMemberCache_Outside.cpp">
      <Filter>Source Files\Parser\Declarator</Filter>
    </ClCompile>
    <ClCompile Include="Source\TypeSystem_Replace.cpp">
      <Filter>Source Files\TypeSystem</Filter>
    </ClCompile>
  </ItemGroup>
</Project>