<?xml version="1.0" encoding="utf-8"?>
<Project ToolsVersion="4.0" xmlns="http://schemas.microsoft.com/developer/msbuild/2003">
  <ItemGroup>
    <Filter Include="Source Files">
      <UniqueIdentifier>{4FC737F1-C7A5-4376-A066-2A32D752A2FF}</UniqueIdentifier>
      <Extensions>cpp;c;cc;cxx;def;odl;idl;hpj;bat;asm;asmx</Extensions>
    </Filter>
    <Filter Include="Header Files">
      <UniqueIdentifier>{93995380-89BD-4b04-88EB-625FBE52EBFB}</UniqueIdentifier>
      <Extensions>h;hh;hpp;hxx;hm;inl;inc;ipp;xsd</Extensions>
    </Filter>
    <Filter Include="Resource Files">
      <UniqueIdentifier>{67DA6AB6-F800-4c08-8B7A-83BB121AAD01}</UniqueIdentifier>
      <Extensions>rc;ico;cur;bmp;dlg;rc2;rct;bin;rgs;gif;jpg;jpeg;jpe;resx;tiff;tif;png;wav;mfcribbon-ms</Extensions>
    </Filter>
    <Filter Include="Source Files\Input">
      <UniqueIdentifier>{6d6100ad-d931-4578-99d1-07d14c77ec62}</UniqueIdentifier>
    </Filter>
    <Filter Include="Source Files\TestParser">
      <UniqueIdentifier>{7ec1ac2f-4094-4cf1-834f-ffde7373f9d7}</UniqueIdentifier>
    </Filter>
    <Filter Include="Source Files\TestOverloading">
      <UniqueIdentifier>{88fa7c97-d335-4e61-8f2d-759ecb4926b6}</UniqueIdentifier>
    </Filter>
    <Filter Include="Source Files\TestType">
      <UniqueIdentifier>{f4d1e0cb-1861-411c-99d2-78e387183e0d}</UniqueIdentifier>
    </Filter>
    <Filter Include="Source Files\MISC">
      <UniqueIdentifier>{13c2642f-d820-48fd-91d4-73f8fa1f89b0}</UniqueIdentifier>
    </Filter>
    <Filter Include="Source Files\TestParserGeneric">
      <UniqueIdentifier>{b971998b-4604-4c67-9467-bba9df34b60f}</UniqueIdentifier>
    </Filter>
  </ItemGroup>
  <ItemGroup>
    <ClCompile Include="Main.cpp">
      <Filter>Source Files</Filter>
    </ClCompile>
    <ClCompile Include="Util_Assert.cpp">
      <Filter>Source Files</Filter>
    </ClCompile>
    <ClCompile Include="Util_Log.cpp">
      <Filter>Source Files</Filter>
    </ClCompile>
    <ClCompile Include="TestParseDecl.cpp">
      <Filter>Source Files\TestParser</Filter>
    </ClCompile>
    <ClCompile Include="TestParseExpr.cpp">
      <Filter>Source Files\TestParser</Filter>
    </ClCompile>
    <ClCompile Include="TestParseStat.cpp">
      <Filter>Source Files\TestParser</Filter>
    </ClCompile>
    <ClCompile Include="TestParseType.cpp">
      <Filter>Source Files\TestParser</Filter>
    </ClCompile>
    <ClCompile Include="TestOverloading.cpp">
      <Filter>Source Files\TestOverloading</Filter>
    </ClCompile>
    <ClCompile Include="TestOverloadingAdl.cpp">
      <Filter>Source Files\TestOverloading</Filter>
    </ClCompile>
    <ClCompile Include="TestOverloadingOperator.cpp">
      <Filter>Source Files\TestOverloading</Filter>
    </ClCompile>
    <ClCompile Include="TestIntegralPromotion.cpp">
      <Filter>Source Files\TestType</Filter>
    </ClCompile>
    <ClCompile Include="TestTypeConvert.cpp">
      <Filter>Source Files\TestType</Filter>
    </ClCompile>
    <ClCompile Include="TestTypeSystem.cpp">
      <Filter>Source Files\TestType</Filter>
    </ClCompile>
    <ClCompile Include="TestGeneratedFunctions.cpp">
      <Filter>Source Files\MISC</Filter>
    </ClCompile>
    <ClCompile Include="TestLexer.cpp">
      <Filter>Source Files\TestParser</Filter>
    </ClCompile>
    <ClCompile Include="TestParseGenericTypeAlias.cpp">
      <Filter>Source Files\TestParserGeneric</Filter>
    </ClCompile>
    <ClCompile Include="TestParseGenericValueAlias.cpp">
      <Filter>Source Files\TestParserGeneric</Filter>
    </ClCompile>
    <ClCompile Include="TestTypeConvertGeneric.cpp">
      <Filter>Source Files\TestParserGeneric</Filter>
    </ClCompile>
    <ClCompile Include="TestParseVariadicTemplateArgument.cpp">
      <Filter>Source Files\TestParserGeneric</Filter>
    </ClCompile>
  </ItemGroup>
  <ItemGroup>
    <ClInclude Include="Util.h">
      <Filter>Source Files</Filter>
    </ClInclude>
    <ClInclude Include="TestOverloadingOperator_Input3.h">
      <Filter>Source Files\Input</Filter>
    </ClInclude>
    <ClInclude Include="TestOverloadingOperator_Input1.h">
      <Filter>Source Files\Input</Filter>
    </ClInclude>
    <ClInclude Include="TestOverloadingOperator_Input2.h">
      <Filter>Source Files\Input</Filter>
    </ClInclude>
    <ClInclude Include="TestOverloadingOperator_Input4.h">
      <Filter>Source Files\Input</Filter>
    </ClInclude>
    <ClInclude Include="TestOverloadingAdl_Input.h">
      <Filter>Source Files\Input</Filter>
    </ClInclude>
    <ClInclude Include="TestGeneratedFunctions_Input.h">
      <Filter>Source Files\Input</Filter>
    </ClInclude>
    <ClInclude Include="TestGeneratedFunctions_Macro.h">
      <Filter>Source Files\Input</Filter>
    </ClInclude>
  </ItemGroup>
</Project>