
Microsoft Visual Studio Solution File, Format Version 12.00
# Visual Studio 15
VisualStudioVersion = 15.0.28010.2016
MinimumVisualStudioVersion = 10.0.40219.1
Project("{8BC9CEB8-8B4A-11D0-8D11-00A0C91BC942}") = "Core", "Core\Core.vcxproj", "{C322672B-5185-4C54-ACFB-C06E6B33F9EC}"
EndProject
Project("{8BC9CEB8-8B4A-11D0-8D11-00A0C91BC942}") = "UnitTest", "UnitTest\UnitTest.vcxproj", "{6366943E-5CE0-4AB3-8DBF-6F29272DD139}"
EndProject
Project("{8BC9CEB8-8B4A-11D0-8D11-00A0C91BC942}") = "UnitTest_InputCodegen", "UnitTest_InputCodegen\UnitTest_InputCodegen.vcxproj", "{062564E7-7E2A-4526-BBC7-EDD0F5F0B8AC}"
EndProject
Global
	GlobalSection(SolutionConfigurationPlatforms) = preSolution
		Debug|x64 = Debug|x64
		Debug|x86 = Debug|x86
		Release|x64 = Release|x64
		Release|x86 = Release|x86
	EndGlobalSection
	GlobalSection(ProjectConfigurationPlatforms) = postSolution
		{C322672B-5185-4C54-ACFB-C06E6B33F9EC}.Debug|x64.ActiveCfg = Debug|x64
		{C322672B-5185-4C54-ACFB-C06E6B33F9EC}.Debug|x64.Build.0 = Debug|x64
		{C322672B-5185-4C54-ACFB-C06E6B33F9EC}.Debug|x86.ActiveCfg = Debug|Win32
		{C322672B-5185-4C54-ACFB-C06E6B33F9EC}.Debug|x86.Build.0 = Debug|Win32
		{C322672B-5185-4C54-ACFB-C06E6B33F9EC}.Release|x64.ActiveCfg = Release|x64
		{C322672B-5185-4C54-ACFB-C06E6B33F9EC}.Release|x64.Build.0 = Release|x64
		{C322672B-5185-4C54-ACFB-C06E6B33F9EC}.Release|x86.ActiveCfg = Release|Win32
		{C322672B-5185-4C54-ACFB-C06E6B33F9EC}.Release|x86.Build.0 = Release|Win32
		{6366943E-5CE0-4AB3-8DBF-6F29272DD139}.Debug|x64.ActiveCfg = Debug|x64
		{6366943E-5CE0-4AB3-8DBF-6F29272DD139}.Debug|x64.Build.0 = Debug|x64
		{6366943E-5CE0-4AB3-8DBF-6F29272DD139}.Debug|x86.ActiveCfg = Debug|Win32
		{6366943E-5CE0-4AB3-8DBF-6F29272DD139}.Debug|x86.Build.0 = Debug|Win32
		{6366943E-5CE0-4AB3-8DBF-6F29272DD139}.Release|x64.ActiveCfg = Release|x64
		{6366943E-5CE0-4AB3-8DBF-6F29272DD139}.Release|x64.Build.0 = Release|x64
		{6366943E-5CE0-4AB3-8DBF-6F29272DD139}.Release|x86.ActiveCfg = Release|Win32
		{6366943E-5CE0-4AB3-8DBF-6F29272DD139}.Release|x86.Build.0 = Release|Win32
		{062564E7-7E2A-4526-BBC7-EDD0F5F0B8AC}.Debug|x64.ActiveCfg = Debug|x64
		{062564E7-7E2A-4526-BBC7-EDD0F5F0B8AC}.Debug|x64.Build.0 = Debug|x64
		{062564E7-7E2A-4526-BBC7-EDD0F5F0B8AC}.Debug|x86.ActiveCfg = Debug|Win32
		{062564E7-7E2A-4526-BBC7-EDD0F5F0B8AC}.Debug|x86.Build.0 = Debug|Win32
		{062564E7-7E2A-4526-BBC7-EDD0F5F0B8AC}.Release|x64.ActiveCfg = Release|x64
		{062564E7-7E2A-4526-BBC7-EDD0F5F0B8AC}.Release|x64.Build.0 = Release|x64
		{062564E7-7E2A-4526-BBC7-EDD0F5F0B8AC}.Release|x86.ActiveCfg = Release|Win32
		{062564E7-7E2A-4526-BBC7-EDD0F5F0B8AC}.Release|x86.Build.0 = Release|Win32
	EndGlobalSection
	GlobalSection(SolutionProperties) = preSolution
		HideSolutionNode = FALSE
	EndGlobalSection
	GlobalSection(ExtensibilityGlobals) = postSolution
		SolutionGuid = {3178C7C1-3F38-48BE-8FB9-F0D60EEB3E7A}
	EndGlobalSection
EndGlobal
