
Microsoft Visual Studio Solution File, Format Version 12.00
# Visual Studio Version 17
VisualStudioVersion = 17.4.33205.214
MinimumVisualStudioVersion = 10.0.40219.1
Project("{8BC9CEB8-8B4A-11D0-8D11-00A0C91BC942}") = "Core", "Core\Core.vcxproj", "{C322672B-5185-4C54-ACFB-C06E6B33F9EC}"
EndProject
Project("{8BC9CEB8-8B4A-11D0-8D11-00A0C91BC942}") = "UnitTest_Cases", "UnitTest_Cases\UnitTest_Cases.vcxproj", "{ED256486-7118-4B52-93E5-795611FC092C}"
EndProject
Project("{8BC9CEB8-8B4A-11D0-8D11-00A0C91BC942}") = "Render", "Render\Render.vcxproj", "{AE6C2E09-B96E-47F2-B360-E4316FE6407C}"
EndProject
Project("{8BC9CEB8-8B4A-11D0-8D11-00A0C91BC942}") = "DocIndex", "DocIndex\DocIndex.vcxproj", "{75C25B86-F64F-41BB-A878-8382D5DB38F8}"
EndProject
Project("{8BC9CEB8-8B4A-11D0-8D11-00A0C91BC942}") = "Reflection", "Reflection\Reflection.vcxproj", "{361B8CCF-6E8D-4158-9091-7987E5D3BE83}"
EndProject
Project("{8BC9CEB8-8B4A-11D0-8D11-00A0C91BC942}") = "Lib", "Lib\Lib.vcxproj", "{B0E7006B-D4E2-4312-A130-CDF4D2719A90}"
EndProject
Global
	GlobalSection(SolutionConfigurationPlatforms) = preSolution
		Debug|x64 = Debug|x64
		Debug|x86 = Debug|x86
		Release|x64 = Release|x64
		Release|x86 = Release|x86
	EndGlobalSection
	GlobalSection(ProjectConfigurationPlatforms) = postSolution
		{C322672B-5185-4C54-ACFB-C06E6B33F9EC}.Debug|x64.ActiveCfg = Debug|x64
		{C322672B-5185-4C54-ACFB-C06E6B33F9EC}.Debug|x64.Build.0 = Debug|x64
		{C322672B-5185-4C54-ACFB-C06E6B33F9EC}.Debug|x86.ActiveCfg = Debug|Win32
		{C322672B-5185-4C54-ACFB-C06E6B33F9EC}.Debug|x86.Build.0 = Debug|Win32
		{C322672B-5185-4C54-ACFB-C06E6B33F9EC}.Release|x64.ActiveCfg = Release|x64
		{C322672B-5185-4C54-ACFB-C06E6B33F9EC}.Release|x64.Build.0 = Release|x64
		{C322672B-5185-4C54-ACFB-C06E6B33F9EC}.Release|x86.ActiveCfg = Release|Win32
		{C322672B-5185-4C54-ACFB-C06E6B33F9EC}.Release|x86.Build.0 = Release|Win32
		{ED256486-7118-4B52-93E5-795611FC092C}.Debug|x64.ActiveCfg = Debug|Win32
		{ED256486-7118-4B52-93E5-795611FC092C}.Debug|x86.ActiveCfg = Debug|Win32
		{ED256486-7118-4B52-93E5-795611FC092C}.Release|x64.ActiveCfg = Debug|Win32
		{ED256486-7118-4B52-93E5-795611FC092C}.Release|x86.ActiveCfg = Debug|Win32
		{AE6C2E09-B96E-47F2-B360-E4316FE6407C}.Debug|x64.ActiveCfg = Debug|x64
		{AE6C2E09-B96E-47F2-B360-E4316FE6407C}.Debug|x64.Build.0 = Debug|x64
		{AE6C2E09-B96E-47F2-B360-E4316FE6407C}.Debug|x86.ActiveCfg = Debug|Win32
		{AE6C2E09-B96E-47F2-B360-E4316FE6407C}.Debug|x86.Build.0 = Debug|Win32
		{AE6C2E09-B96E-47F2-B360-E4316FE6407C}.Release|x64.ActiveCfg = Release|x64
		{AE6C2E09-B96E-47F2-B360-E4316FE6407C}.Release|x64.Build.0 = Release|x64
		{AE6C2E09-B96E-47F2-B360-E4316FE6407C}.Release|x86.ActiveCfg = Release|Win32
		{AE6C2E09-B96E-47F2-B360-E4316FE6407C}.Release|x86.Build.0 = Release|Win32
		{75C25B86-F64F-41BB-A878-8382D5DB38F8}.Debug|x64.ActiveCfg = Debug|x64
		{75C25B86-F64F-41BB-A878-8382D5DB38F8}.Debug|x64.Build.0 = Debug|x64
		{75C25B86-F64F-41BB-A878-8382D5DB38F8}.Debug|x86.ActiveCfg = Debug|Win32
		{75C25B86-F64F-41BB-A878-8382D5DB38F8}.Debug|x86.Build.0 = Debug|Win32
		{75C25B86-F64F-41BB-A878-8382D5DB38F8}.Release|x64.ActiveCfg = Release|x64
		{75C25B86-F64F-41BB-A878-8382D5DB38F8}.Release|x64.Build.0 = Release|x64
		{75C25B86-F64F-41BB-A878-8382D5DB38F8}.Release|x86.ActiveCfg = Release|Win32
		{75C25B86-F64F-41BB-A878-8382D5DB38F8}.Release|x86.Build.0 = Release|Win32
		{361B8CCF-6E8D-4158-9091-7987E5D3BE83}.Debug|x64.ActiveCfg = Debug|x64
		{361B8CCF-6E8D-4158-9091-7987E5D3BE83}.Debug|x64.Build.0 = Debug|x64
		{361B8CCF-6E8D-4158-9091-7987E5D3BE83}.Debug|x86.ActiveCfg = Debug|Win32
		{361B8CCF-6E8D-4158-9091-7987E5D3BE83}.Debug|x86.Build.0 = Debug|Win32
		{361B8CCF-6E8D-4158-9091-7987E5D3BE83}.Release|x64.ActiveCfg = Release|x64
		{361B8CCF-6E8D-4158-9091-7987E5D3BE83}.Release|x64.Build.0 = Release|x64
		{361B8CCF-6E8D-4158-9091-7987E5D3BE83}.Release|x86.ActiveCfg = Release|Win32
		{361B8CCF-6E8D-4158-9091-7987E5D3BE83}.Release|x86.Build.0 = Release|Win32
		{B0E7006B-D4E2-4312-A130-CDF4D2719A90}.Debug|x64.ActiveCfg = Debug|x64
		{B0E7006B-D4E2-4312-A130-CDF4D2719A90}.Debug|x64.Build.0 = Debug|x64
		{B0E7006B-D4E2-4312-A130-CDF4D2719A90}.Debug|x86.ActiveCfg = Debug|Win32
		{B0E7006B-D4E2-4312-A130-CDF4D2719A90}.Debug|x86.Build.0 = Debug|Win32
		{B0E7006B-D4E2-4312-A130-CDF4D2719A90}.Release|x64.ActiveCfg = Release|x64
		{B0E7006B-D4E2-4312-A130-CDF4D2719A90}.Release|x64.Build.0 = Release|x64
		{B0E7006B-D4E2-4312-A130-CDF4D2719A90}.Release|x86.ActiveCfg = Release|Win32
		{B0E7006B-D4E2-4312-A130-CDF4D2719A90}.Release|x86.Build.0 = Release|Win32
	EndGlobalSection
	GlobalSection(SolutionProperties) = preSolution
		HideSolutionNode = FALSE
	EndGlobalSection
	GlobalSection(ExtensibilityGlobals) = postSolution
		SolutionGuid = {3178C7C1-3F38-48BE-8FB9-F0D60EEB3E7A}
	EndGlobalSection
EndGlobal
